
Microsoft Visual Studio Solution File, Format Version 12.00
# Visual Studio Version 16
VisualStudioVersion = 16.0.30204.135
MinimumVisualStudioVersion = 10.0.40219.1
Project("{FAE04EC0-301F-11D3-BF4B-00C04F79EFBC}") = "EmployeeApi", "EmployeeApi.csproj", "{7C113B09-40BD-4272-B2A5-CE5AB66FA4F1}"
EndProject
Project("{FAE04EC0-301F-11D3-BF4B-00C04F79EFBC}") = "EmployeeApi.Tests", "..\EmployeeApi.Tests\EmployeeApi.Tests.csproj", "{F9DDE4E1-C8B0-46AD-AB07-D4ACCF9EFFCA}"
EndProject
Global
	GlobalSection(SolutionConfigurationPlatforms) = preSolution
		Debug|Any CPU = Debug|Any CPU
		Release|Any CPU = Release|Any CPU
	EndGlobalSection
	GlobalSection(ProjectConfigurationPlatforms) = postSolution
		{7C113B09-40BD-4272-B2A5-CE5AB66FA4F1}.Debug|Any CPU.ActiveCfg = Debug|Any CPU
		{7C113B09-40BD-4272-B2A5-CE5AB66FA4F1}.Debug|Any CPU.Build.0 = Debug|Any CPU
		{7C113B09-40BD-4272-B2A5-CE5AB66FA4F1}.Release|Any CPU.ActiveCfg = Release|Any CPU
		{7C113B09-40BD-4272-B2A5-CE5AB66FA4F1}.Release|Any CPU.Build.0 = Release|Any CPU
		{F9DDE4E1-C8B0-46AD-AB07-D4ACCF9EFFCA}.Debug|Any CPU.ActiveCfg = Debug|Any CPU
		{F9DDE4E1-C8B0-46AD-AB07-D4ACCF9EFFCA}.Debug|Any CPU.Build.0 = Debug|Any CPU
		{F9DDE4E1-C8B0-46AD-AB07-D4ACCF9EFFCA}.Release|Any CPU.ActiveCfg = Release|Any CPU
		{F9DDE4E1-C8B0-46AD-AB07-D4ACCF9EFFCA}.Release|Any CPU.Build.0 = Release|Any CPU
	EndGlobalSection
	GlobalSection(SolutionProperties) = preSolution
		HideSolutionNode = FALSE
	EndGlobalSection
	GlobalSection(ExtensibilityGlobals) = postSolution
		SolutionGuid = {E2A81D35-2603-49FB-B545-6034BAF8B13C}
	EndGlobalSection
EndGlobal
